
Microsoft Visual Studio Solution File, Format Version 12.00
# Visual Studio Version 17
VisualStudioVersion = 17.5.002.0
MinimumVisualStudioVersion = 10.0.40219.1
Project("{9A19103F-16F7-4668-BE54-9A1E7A4F7556}") = "Arrays", "Arrays.csproj", "{B44EFA7B-89C9-4241-B132-DD2EEEF08BE1}"
EndProject
Global
	GlobalSection(SolutionConfigurationPlatforms) = preSolution
		Debug|Any CPU = Debug|Any CPU
		Release|Any CPU = Release|Any CPU
	EndGlobalSection
	GlobalSection(ProjectConfigurationPlatforms) = postSolution
		{B44EFA7B-89C9-4241-B132-DD2EEEF08BE1}.Debug|Any CPU.ActiveCfg = Debug|Any CPU
		{B44EFA7B-89C9-4241-B132-DD2EEEF08BE1}.Debug|Any CPU.Build.0 = Debug|Any CPU
		{B44EFA7B-89C9-4241-B132-DD2EEEF08BE1}.Release|Any CPU.ActiveCfg = Release|Any CPU
		{B44EFA7B-89C9-4241-B132-DD2EEEF08BE1}.Release|Any CPU.Build.0 = Release|Any CPU
	EndGlobalSection
	GlobalSection(SolutionProperties) = preSolution
		HideSolutionNode = FALSE
	EndGlobalSection
	GlobalSection(ExtensibilityGlobals) = postSolution
		SolutionGuid = {E86C36B1-01B7-4BC3-89CD-59D236B6168A}
	EndGlobalSection
EndGlobal
